PODS:
  - FlutterMacOS (1.0.0)
  - formica (0.0.1):
    - FlutterMacOS

DEPENDENCIES:
  - FlutterMacOS (from `Flutter/ephemeral`)
  - formica (from `Flutter/ephemeral/.symlinks/plugins/formica/macos`)

EXTERNAL SOURCES:
  FlutterMacOS:
    :path: Flutter/ephemeral
  formica:
    :path: Flutter/ephemeral/.symlinks/plugins/formica/macos

SPEC CHECKSUMS:
  FlutterMacOS: 8f6f14fa908a6fb3fba0cd85dbd81ec4b251fb24
  formica: 16362a41e779cd27807ef3bdfa066a9e0590883f

PODFILE CHECKSUM: 236401fc2c932af29a9fcf0e97baeeb2d750d367

COCOAPODS: 1.12.0
